
Microsoft Visual Studio Solution File, Format Version 12.00
# Visual Studio 15
VisualStudioVersion = 15.0.27130.2024
MinimumVisualStudioVersion = 10.0.40219.1
Project("{FAE04EC0-301F-11D3-BF4B-00C04F79EFBC}") = "exRS", "exRS\exRS.csproj", "{077F91CE-14C5-4C54-965B-0732D70664DD}"
EndProject
Project("{FAE04EC0-301F-11D3-BF4B-00C04F79EFBC}") = "exRSConsole", "exRSConsole\exRSConsole.csproj", "{71D8679E-8D4E-4B51-9BC8-5ACFDD3AB710}"
EndProject
Project("{FAE04EC0-301F-11D3-BF4B-00C04F79EFBC}") = "exRSTests", "exRSTests\exRSTests.csproj", "{0B6CDD06-1AEB-4964-A71C-ECF3AF3E07CD}"
EndProject
Global
	GlobalSection(SolutionConfigurationPlatforms) = preSolution
		Debug|Any CPU = Debug|Any CPU
		Release|Any CPU = Release|Any CPU
	EndGlobalSection
	GlobalSection(ProjectConfigurationPlatforms) = postSolution
		{077F91CE-14C5-4C54-965B-0732D70664DD}.Debug|Any CPU.ActiveCfg = Debug|Any CPU
		{077F91CE-14C5-4C54-965B-0732D70664DD}.Debug|Any CPU.Build.0 = Debug|Any CPU
		{077F91CE-14C5-4C54-965B-0732D70664DD}.Release|Any CPU.ActiveCfg = Release|Any CPU
		{077F91CE-14C5-4C54-965B-0732D70664DD}.Release|Any CPU.Build.0 = Release|Any CPU
		{71D8679E-8D4E-4B51-9BC8-5ACFDD3AB710}.Debug|Any CPU.ActiveCfg = Debug|Any CPU
		{71D8679E-8D4E-4B51-9BC8-5ACFDD3AB710}.Debug|Any CPU.Build.0 = Debug|Any CPU
		{71D8679E-8D4E-4B51-9BC8-5ACFDD3AB710}.Release|Any CPU.ActiveCfg = Release|Any CPU
		{71D8679E-8D4E-4B51-9BC8-5ACFDD3AB710}.Release|Any CPU.Build.0 = Release|Any CPU
		{0B6CDD06-1AEB-4964-A71C-ECF3AF3E07CD}.Debug|Any CPU.ActiveCfg = Debug|Any CPU
		{0B6CDD06-1AEB-4964-A71C-ECF3AF3E07CD}.Debug|Any CPU.Build.0 = Debug|Any CPU
		{0B6CDD06-1AEB-4964-A71C-ECF3AF3E07CD}.Release|Any CPU.ActiveCfg = Release|Any CPU
		{0B6CDD06-1AEB-4964-A71C-ECF3AF3E07CD}.Release|Any CPU.Build.0 = Release|Any CPU
	EndGlobalSection
	GlobalSection(SolutionProperties) = preSolution
		HideSolutionNode = FALSE
	EndGlobalSection
	GlobalSection(ExtensibilityGlobals) = postSolution
		SolutionGuid = {C335790C-2DF9-4B7A-BFE1-55EB55AF8870}
	EndGlobalSection
EndGlobal
